
Microsoft Visual Studio Solution File, Format Version 12.00
# Visual Studio 15
VisualStudioVersion = 15.0.28010.2026
MinimumVisualStudioVersion = 10.0.40219.1
Project("{FAE04EC0-301F-11D3-BF4B-00C04F79EFBC}") = "CF", "CF\CF.csproj", "{8457FF2A-9EA8-460B-934F-7882F5EA6A13}"
EndProject
Project("{FAE04EC0-301F-11D3-BF4B-00C04F79EFBC}") = "CFConsole", "CFConsole\CFConsole.csproj", "{D829CE60-128F-49BD-84DE-1738BD35AD35}"
EndProject
Project("{FAE04EC0-301F-11D3-BF4B-00C04F79EFBC}") = "Resources", "Resources\Resources.csproj", "{356F3572-50A6-480D-96D6-D88A331A7B24}"
EndProject
Project("{2150E333-8FDC-42A3-9474-1A3956D46DE8}") = "Common", "Common", "{CD72BE95-90AF-4765-9582-952D85965FFE}"
EndProject
Project("{FAE04EC0-301F-11D3-BF4B-00C04F79EFBC}") = "Utility", "Utility\Utility.csproj", "{59C70BEF-0233-4E09-9C43-207857178167}"
EndProject
Project("{FAE04EC0-301F-11D3-BF4B-00C04F79EFBC}") = "DataAccessor", "DataAccessor\DataAccessor.csproj", "{73336A0C-21C6-46DA-A8A3-4426559F9063}"
EndProject
Project("{FAE04EC0-301F-11D3-BF4B-00C04F79EFBC}") = "Models", "Models\Models.csproj", "{EE88D3E0-FB37-4E96-9307-A07E87DE00AC}"
EndProject
Project("{FAE04EC0-301F-11D3-BF4B-00C04F79EFBC}") = "Site", "Site\Site.csproj", "{EB848253-F2AF-4D30-9913-22C7933AB15E}"
EndProject
Project("{2150E333-8FDC-42A3-9474-1A3956D46DE8}") = "Database", "Database", "{F082C1D2-D892-4EB6-975F-9A2AFFA5D1B1}"
EndProject
Project("{2150E333-8FDC-42A3-9474-1A3956D46DE8}") = "Maintenance", "Maintenance", "{7ACCC917-C913-4216-829A-F3F7F3379241}"
EndProject
Project("{FAE04EC0-301F-11D3-BF4B-00C04F79EFBC}") = "Models.Maintenance", "Models.Equipment\Models.Maintenance.csproj", "{79DF9081-A066-4EED-8DB8-E033E38E391F}"
EndProject
Project("{FAE04EC0-301F-11D3-BF4B-00C04F79EFBC}") = "DataAccessor.Maintenance", "DataAccessor.Maintenance\DataAccessor.Maintenance.csproj", "{AE1ECD11-9863-4AC1-BE44-90A9C1055157}"
EndProject
Project("{2150E333-8FDC-42A3-9474-1A3956D46DE8}") = "Api", "Api", "{EFD62B7B-04C9-46EC-A5D7-90028B68652B}"
EndProject
Global
	GlobalSection(SolutionConfigurationPlatforms) = preSolution
		Debug|Any CPU = Debug|Any CPU
		Release|Any CPU = Release|Any CPU
	EndGlobalSection
	GlobalSection(ProjectConfigurationPlatforms) = postSolution
		{8457FF2A-9EA8-460B-934F-7882F5EA6A13}.Debug|Any CPU.ActiveCfg = Debug|Any CPU
		{8457FF2A-9EA8-460B-934F-7882F5EA6A13}.Debug|Any CPU.Build.0 = Debug|Any CPU
		{8457FF2A-9EA8-460B-934F-7882F5EA6A13}.Release|Any CPU.ActiveCfg = Release|Any CPU
		{8457FF2A-9EA8-460B-934F-7882F5EA6A13}.Release|Any CPU.Build.0 = Release|Any CPU
		{D829CE60-128F-49BD-84DE-1738BD35AD35}.Debug|Any CPU.ActiveCfg = Debug|Any CPU
		{D829CE60-128F-49BD-84DE-1738BD35AD35}.Debug|Any CPU.Build.0 = Debug|Any CPU
		{D829CE60-128F-49BD-84DE-1738BD35AD35}.Release|Any CPU.ActiveCfg = Release|Any CPU
		{D829CE60-128F-49BD-84DE-1738BD35AD35}.Release|Any CPU.Build.0 = Release|Any CPU
		{356F3572-50A6-480D-96D6-D88A331A7B24}.Debug|Any CPU.ActiveCfg = Debug|Any CPU
		{356F3572-50A6-480D-96D6-D88A331A7B24}.Debug|Any CPU.Build.0 = Debug|Any CPU
		{356F3572-50A6-480D-96D6-D88A331A7B24}.Release|Any CPU.ActiveCfg = Release|Any CPU
		{356F3572-50A6-480D-96D6-D88A331A7B24}.Release|Any CPU.Build.0 = Release|Any CPU
		{59C70BEF-0233-4E09-9C43-207857178167}.Debug|Any CPU.ActiveCfg = Debug|Any CPU
		{59C70BEF-0233-4E09-9C43-207857178167}.Debug|Any CPU.Build.0 = Debug|Any CPU
		{59C70BEF-0233-4E09-9C43-207857178167}.Release|Any CPU.ActiveCfg = Release|Any CPU
		{59C70BEF-0233-4E09-9C43-207857178167}.Release|Any CPU.Build.0 = Release|Any CPU
		{73336A0C-21C6-46DA-A8A3-4426559F9063}.Debug|Any CPU.ActiveCfg = Debug|Any CPU
		{73336A0C-21C6-46DA-A8A3-4426559F9063}.Debug|Any CPU.Build.0 = Debug|Any CPU
		{73336A0C-21C6-46DA-A8A3-4426559F9063}.Release|Any CPU.ActiveCfg = Release|Any CPU
		{73336A0C-21C6-46DA-A8A3-4426559F9063}.Release|Any CPU.Build.0 = Release|Any CPU
		{EE88D3E0-FB37-4E96-9307-A07E87DE00AC}.Debug|Any CPU.ActiveCfg = Debug|Any CPU
		{EE88D3E0-FB37-4E96-9307-A07E87DE00AC}.Debug|Any CPU.Build.0 = Debug|Any CPU
		{EE88D3E0-FB37-4E96-9307-A07E87DE00AC}.Release|Any CPU.ActiveCfg = Release|Any CPU
		{EE88D3E0-FB37-4E96-9307-A07E87DE00AC}.Release|Any CPU.Build.0 = Release|Any CPU
		{EB848253-F2AF-4D30-9913-22C7933AB15E}.Debug|Any CPU.ActiveCfg = Debug|Any CPU
		{EB848253-F2AF-4D30-9913-22C7933AB15E}.Debug|Any CPU.Build.0 = Debug|Any CPU
		{EB848253-F2AF-4D30-9913-22C7933AB15E}.Release|Any CPU.ActiveCfg = Release|Any CPU
		{EB848253-F2AF-4D30-9913-22C7933AB15E}.Release|Any CPU.Build.0 = Release|Any CPU
		{79DF9081-A066-4EED-8DB8-E033E38E391F}.Debug|Any CPU.ActiveCfg = Debug|Any CPU
		{79DF9081-A066-4EED-8DB8-E033E38E391F}.Debug|Any CPU.Build.0 = Debug|Any CPU
		{79DF9081-A066-4EED-8DB8-E033E38E391F}.Release|Any CPU.ActiveCfg = Release|Any CPU
		{79DF9081-A066-4EED-8DB8-E033E38E391F}.Release|Any CPU.Build.0 = Release|Any CPU
		{AE1ECD11-9863-4AC1-BE44-90A9C1055157}.Debug|Any CPU.ActiveCfg = Debug|Any CPU
		{AE1ECD11-9863-4AC1-BE44-90A9C1055157}.Debug|Any CPU.Build.0 = Debug|Any CPU
		{AE1ECD11-9863-4AC1-BE44-90A9C1055157}.Release|Any CPU.ActiveCfg = Release|Any CPU
		{AE1ECD11-9863-4AC1-BE44-90A9C1055157}.Release|Any CPU.Build.0 = Release|Any CPU
	EndGlobalSection
	GlobalSection(SolutionProperties) = preSolution
		HideSolutionNode = FALSE
	EndGlobalSection
	GlobalSection(NestedProjects) = preSolution
		{8457FF2A-9EA8-460B-934F-7882F5EA6A13} = {F082C1D2-D892-4EB6-975F-9A2AFFA5D1B1}
		{D829CE60-128F-49BD-84DE-1738BD35AD35} = {F082C1D2-D892-4EB6-975F-9A2AFFA5D1B1}
		{356F3572-50A6-480D-96D6-D88A331A7B24} = {CD72BE95-90AF-4765-9582-952D85965FFE}
		{59C70BEF-0233-4E09-9C43-207857178167} = {CD72BE95-90AF-4765-9582-952D85965FFE}
		{73336A0C-21C6-46DA-A8A3-4426559F9063} = {CD72BE95-90AF-4765-9582-952D85965FFE}
		{EE88D3E0-FB37-4E96-9307-A07E87DE00AC} = {CD72BE95-90AF-4765-9582-952D85965FFE}
		{79DF9081-A066-4EED-8DB8-E033E38E391F} = {7ACCC917-C913-4216-829A-F3F7F3379241}
		{AE1ECD11-9863-4AC1-BE44-90A9C1055157} = {7ACCC917-C913-4216-829A-F3F7F3379241}
		{EFD62B7B-04C9-46EC-A5D7-90028B68652B} = {7ACCC917-C913-4216-829A-F3F7F3379241}
	EndGlobalSection
	GlobalSection(ExtensibilityGlobals) = postSolution
		SolutionGuid = {2F504FBC-D0A3-4890-B7A3-DF2B9DFE6DEE}
	EndGlobalSection
EndGlobal
